<Project xmlns="http://schemas.microsoft.com/developer/msbuild/2003">
    <PropertyGroup>
        <ProjectGuid>{2c4df1af-dc1f-4536-8ce3-b1a3273d592d}</ProjectGuid>
        <MainSource>UsbNinja.dpr</MainSource>
        <Configuration Condition=" '$(Configuration)' == '' ">Release</Configuration>
        <DCC_DCCCompiler>DCC32</DCC_DCCCompiler>
        <DCC_DependencyCheckOutputName>bin\release\UsbNinja.exe</DCC_DependencyCheckOutputName>
        <FrameworkType>VCL</FrameworkType>
        <ProjectVersion>15.3</ProjectVersion>
        <Base>True</Base>
        <Config Condition="'$(Config)'==''">Debug</Config>
        <Platform Condition="'$(Platform)'==''">Win32</Platform>
        <TargetedPlatforms>3</TargetedPlatforms>
        <AppType>Application</AppType>
    </PropertyGroup>
    <PropertyGroup Condition="'$(Config)'=='Base' or '$(Base)'!=''">
        <Base>true</Base>
    </PropertyGroup>
    <PropertyGroup Condition="('$(Platform)'=='Win32' and '$(Base)'=='true') or '$(Base_Win32)'!=''">
        <Base_Win32>true</Base_Win32>
        <CfgParent>Base</CfgParent>
        <Base>true</Base>
    </PropertyGroup>
    <PropertyGroup Condition="('$(Platform)'=='Win64' and '$(Base)'=='true') or '$(Base_Win64)'!=''">
        <Base_Win64>true</Base_Win64>
        <CfgParent>Base</CfgParent>
        <Base>true</Base>
    </PropertyGroup>
    <PropertyGroup Condition="'$(Config)'=='Release' or '$(Cfg_1)'!=''">
        <Cfg_1>true</Cfg_1>
        <CfgParent>Base</CfgParent>
        <Base>true</Base>
    </PropertyGroup>
    <PropertyGroup Condition="('$(Platform)'=='Win32' and '$(Cfg_1)'=='true') or '$(Cfg_1_Win32)'!=''">
        <Cfg_1_Win32>true</Cfg_1_Win32>
        <CfgParent>Cfg_1</CfgParent>
        <Cfg_1>true</Cfg_1>
        <Base>true</Base>
    </PropertyGroup>
    <PropertyGroup Condition="('$(Platform)'=='Win64' and '$(Cfg_1)'=='true') or '$(Cfg_1_Win64)'!=''">
        <Cfg_1_Win64>true</Cfg_1_Win64>
        <CfgParent>Cfg_1</CfgParent>
        <Cfg_1>true</Cfg_1>
        <Base>true</Base>
    </PropertyGroup>
    <PropertyGroup Condition="'$(Config)'=='Debug' or '$(Cfg_2)'!=''">
        <Cfg_2>true</Cfg_2>
        <CfgParent>Base</CfgParent>
        <Base>true</Base>
    </PropertyGroup>
    <PropertyGroup Condition="('$(Platform)'=='Win32' and '$(Cfg_2)'=='true') or '$(Cfg_2_Win32)'!=''">
        <Cfg_2_Win32>true</Cfg_2_Win32>
        <CfgParent>Cfg_2</CfgParent>
        <Cfg_2>true</Cfg_2>
        <Base>true</Base>
    </PropertyGroup>
    <PropertyGroup Condition="('$(Platform)'=='Win64' and '$(Cfg_2)'=='true') or '$(Cfg_2_Win64)'!=''">
        <Cfg_2_Win64>true</Cfg_2_Win64>
        <CfgParent>Cfg_2</CfgParent>
        <Cfg_2>true</Cfg_2>
        <Base>true</Base>
    </PropertyGroup>
    <PropertyGroup Condition="'$(Base)'!=''">
        <Icon_MainIcon>UsbNinja_Icon.ico</Icon_MainIcon>
        <Manifest_File>$(BDS)\bin\default_app.manifest</Manifest_File>
        <DCC_UnitSearchPath>C:\Users\norrisch\code\delphi\components\jedi-apilib-code\jwapi\branches\2.4a\Win32API\jwaWindows;C:\Users\norrisch\code\delphi\components\jedi-apilib-code\jwapi\branches\2.4a\Includes;C:\Users\norrisch\code\delphi\components\jedi-apilib-code\jwapi\branches\2.4a\Win32API;C:\Users\norrisch\code\delphi\components\jedi-apilib-code\jwapi\branches\2.4a\Common;C:\Users\norrisch\code\delphi\components\jedi-apilib-code\jwapi\branches\2.4a\SaCMAPI;C:\Users\norrisch\code\delphi\components\jedi-apilib-code\jwapi\branches\2.4a\COM;C:\Users\norrisch\code\delphi\components\USBView;$(DCC_UnitSearchPath)</DCC_UnitSearchPath>
        <VerInfo_Release>5</VerInfo_Release>
        <DCC_Namespace>System;Xml;Data;Datasnap;Web;Soap;Vcl;Winapi;Vcl.Imaging;Vcl.Touch;Vcl.Samples;Vcl.Shell;$(DCC_Namespace)</DCC_Namespace>
        <VerInfo_Locale>1033</VerInfo_Locale>
        <VerInfo_IncludeVerInfo>true</VerInfo_IncludeVerInfo>
        <VerInfo_Build>2</VerInfo_Build>
        <VerInfo_Keys>CompanyName=micksmix;FileDescription=This software controls access to USB Mass Storage devices.;FileVersion=1.0.5.2;InternalName=;LegalCopyright=micksmix;LegalTrademarks=;OriginalFilename=;ProductName=micksmix USB Device Ninja;ProductVersion=1.0.5.0;Comments=;SpecialBuild=</VerInfo_Keys>
    </PropertyGroup>
    <PropertyGroup Condition="'$(Base_Win32)'!=''">
        <VerInfo_Locale>1033</VerInfo_Locale>
        <Debugger_RunParams>/backup remotebak=&quot;\\swcatalog\data\Software Catalog\Software Testing\GroveMD - DONT DELETE\_usmt&quot; exclude=&quot;ad-ent\grovemd,ad-ent\test10,ad-ent\bensenbj,ad-ent\foobar,blah&quot;</Debugger_RunParams>
        <DCC_Namespace>System.Win;Data.Win;Datasnap.Win;Web.Win;Soap.Win;Xml.Win;Bde;$(DCC_Namespace)</DCC_Namespace>
        <VerInfo_IncludeVerInfo>true</VerInfo_IncludeVerInfo>
        <VerInfo_Keys>CompanyName=;FileDescription=;FileVersion=1.0.0.0;InternalName=;LegalCopyright=;LegalTrademarks=;OriginalFilename=;ProductName=;ProductVersion=1.0.0.0;Comments=</VerInfo_Keys>
    </PropertyGroup>
    <PropertyGroup Condition="'$(Base_Win64)'!=''">
        <DCC_Namespace>System.Win;Data.Win;Datasnap.Win;Web.Win;Soap.Win;Xml.Win;$(DCC_Namespace)</DCC_Namespace>
        <VerInfo_Keys>CompanyName=;FileDescription=;FileVersion=1.0.0.0;InternalName=;LegalCopyright=;LegalTrademarks=;OriginalFilename=;ProductName=;ProductVersion=1.0.0.0;Comments=</VerInfo_Keys>
    </PropertyGroup>
    <PropertyGroup Condition="'$(Cfg_1)'!=''">
        <Version>7.0</Version>
        <DCC_IOChecking>False</DCC_IOChecking>
        <DCC_WriteableConstants>True</DCC_WriteableConstants>
        <DCC_LocalDebugSymbols>False</DCC_LocalDebugSymbols>
        <DCC_SymbolReferenceInfo>0</DCC_SymbolReferenceInfo>
        <DCC_ExeOutput>.\bin\release</DCC_ExeOutput>
        <DCC_UnitSearchPath>C:\PROGRA~1\CodeGear\RADSTU~1\5.0\jcl\jcl\lib\d11\debug;C:\PROGRA~1\CodeGear\RADSTU~1\5.0\tools\jcl\lib\d11\debug;$(BDS)\lib\Debug;$(BDS)\Lib\Debug\Indy10;$(ProgramFiles)\EurekaLog 6\Delphi11;$(ALLUSERSPROFILE)\Documents\RAD Studio\5.0\Dcp;$(BDS)\Imports;$(BDS)\lib;$(BDS)\Lib\Indy10;$(BDS)\RaveReports\Lib;$(BDS)\tools\Mustangpeak\Virtual Treeview\Source;c:\program files\codegear\rad studio\5.0\projects\bpl;$(BDS)\tools\madCollection\madBasic\DeXter;$(BDS)\tools\madCollection\madKernel\DeXter;$(BDS)\tools\madCollection\madSecurity\DeXter;$(BDS)\tools\madCollection\madShell\DeXter;C:\Program Files\CodeGear\RAD Studio\5.0\DCP;$(DXVCL)\Library\Delphi11;$(DXVCL)\XP Theme Manager\Sources;$(DXVCL)\ExpressGDI+ Library\Sources;$(DXVCL)\ExpressDataController\Sources;$(DXVCL)\ExpressLibrary\Sources;$(DXVCL)\ExpressEditors Library 5\Sources;$(DXVCL)\ExpressPageControl 2\Sources;$(DXVCL)\ExpressExport Library\Sources;$(DXVCL)\ExpressQuantumGrid 6\Sources;$(DXVCL)\ExpressMemData\Sources;c:\data\rad studio\components\tadsisearch;C:\PROGRA~1\CodeGear\RADSTU~1\5.0\tools\jcl\source;C:\Program Files\CodeGear\RAD Studio\5.0\tools\jvcl\common;C:\Program Files\CodeGear\RAD Studio\5.0\tools\jvcl\Resources;C:\Program Files\CodeGear\RAD Studio\5.0\tools\JWA\win32api_1_2;C:\Program Files\CodeGear\RAD Studio\5.0\tools\win32api_1_2;C:\Program Files\CodeGear\RAD Studio\5.0\tools\jcl\source\windows;C:\PROGRA~1\CodeGear\RADSTU~1\5.0\tools\jcl\source\common;$(BDS)\tools\jvcl\run;C:\Program Files\CodeGear\RAD Studio\5.0\Perl;C:\Program Files\CodeGear\RAD Studio\5.0\tools\ColinWilson\NTUnits100\Source;C:\Program Files\CodeGear\RAD Studio\5.0\tools\ColinWilson\NTLowLevel100\Source;C:\Program Files\CodeGear\RAD Studio\5.0\tools\mSupUnit;C:\Program Files\CodeGear\RAD Studio\5.0\tools\ColinWilson\LowLevel100\Source;$(DCC_UnitSearchPath)</DCC_UnitSearchPath>
        <DCC_ResourcePath>C:\PROGRA~1\CodeGear\RADSTU~1\5.0\jcl\jcl\lib\d11\debug;C:\PROGRA~1\CodeGear\RADSTU~1\5.0\tools\jcl\lib\d11\debug;$(BDS)\lib\Debug;$(BDS)\Lib\Debug\Indy10;$(ProgramFiles)\EurekaLog 6\Delphi11;$(ALLUSERSPROFILE)\Documents\RAD Studio\5.0\Dcp;$(BDS)\Imports;$(BDS)\lib;$(BDS)\Lib\Indy10;$(BDS)\RaveReports\Lib;$(BDS)\tools\Mustangpeak\Virtual Treeview\Source;c:\program files\codegear\rad studio\5.0\projects\bpl;$(BDS)\tools\madCollection\madBasic\DeXter;$(BDS)\tools\madCollection\madKernel\DeXter;$(BDS)\tools\madCollection\madSecurity\DeXter;$(BDS)\tools\madCollection\madShell\DeXter;C:\Program Files\CodeGear\RAD Studio\5.0\DCP;$(DXVCL)\Library\Delphi11;$(DXVCL)\XP Theme Manager\Sources;$(DXVCL)\ExpressGDI+ Library\Sources;$(DXVCL)\ExpressDataController\Sources;$(DXVCL)\ExpressLibrary\Sources;$(DXVCL)\ExpressEditors Library 5\Sources;$(DXVCL)\ExpressPageControl 2\Sources;$(DXVCL)\ExpressExport Library\Sources;$(DXVCL)\ExpressQuantumGrid 6\Sources;$(DXVCL)\ExpressMemData\Sources;c:\data\rad studio\components\tadsisearch;C:\PROGRA~1\CodeGear\RADSTU~1\5.0\tools\jcl\source;C:\Program Files\CodeGear\RAD Studio\5.0\tools\jvcl\common;C:\Program Files\CodeGear\RAD Studio\5.0\tools\jvcl\Resources;C:\Program Files\CodeGear\RAD Studio\5.0\tools\JWA\win32api_1_2;C:\Program Files\CodeGear\RAD Studio\5.0\tools\win32api_1_2;C:\Program Files\CodeGear\RAD Studio\5.0\tools\jcl\source\windows;C:\PROGRA~1\CodeGear\RADSTU~1\5.0\tools\jcl\source\common;$(BDS)\tools\jvcl\run;C:\Program Files\CodeGear\RAD Studio\5.0\Perl;C:\Program Files\CodeGear\RAD Studio\5.0\tools\ColinWilson\NTUnits100\Source;C:\Program Files\CodeGear\RAD Studio\5.0\tools\ColinWilson\NTLowLevel100\Source;C:\Program Files\CodeGear\RAD Studio\5.0\tools\mSupUnit;C:\Program Files\CodeGear\RAD Studio\5.0\tools\ColinWilson\LowLevel100\Source;$(DCC_ResourcePath)</DCC_ResourcePath>
        <DCC_ObjPath>C:\PROGRA~1\CodeGear\RADSTU~1\5.0\jcl\jcl\lib\d11\debug;C:\PROGRA~1\CodeGear\RADSTU~1\5.0\tools\jcl\lib\d11\debug;$(BDS)\lib\Debug;$(BDS)\Lib\Debug\Indy10;$(ProgramFiles)\EurekaLog 6\Delphi11;$(ALLUSERSPROFILE)\Documents\RAD Studio\5.0\Dcp;$(BDS)\Imports;$(BDS)\lib;$(BDS)\Lib\Indy10;$(BDS)\RaveReports\Lib;$(BDS)\tools\Mustangpeak\Virtual Treeview\Source;c:\program files\codegear\rad studio\5.0\projects\bpl;$(BDS)\tools\madCollection\madBasic\DeXter;$(BDS)\tools\madCollection\madKernel\DeXter;$(BDS)\tools\madCollection\madSecurity\DeXter;$(BDS)\tools\madCollection\madShell\DeXter;C:\Program Files\CodeGear\RAD Studio\5.0\DCP;$(DXVCL)\Library\Delphi11;$(DXVCL)\XP Theme Manager\Sources;$(DXVCL)\ExpressGDI+ Library\Sources;$(DXVCL)\ExpressDataController\Sources;$(DXVCL)\ExpressLibrary\Sources;$(DXVCL)\ExpressEditors Library 5\Sources;$(DXVCL)\ExpressPageControl 2\Sources;$(DXVCL)\ExpressExport Library\Sources;$(DXVCL)\ExpressQuantumGrid 6\Sources;$(DXVCL)\ExpressMemData\Sources;c:\data\rad studio\components\tadsisearch;C:\PROGRA~1\CodeGear\RADSTU~1\5.0\tools\jcl\source;C:\Program Files\CodeGear\RAD Studio\5.0\tools\jvcl\common;C:\Program Files\CodeGear\RAD Studio\5.0\tools\jvcl\Resources;C:\Program Files\CodeGear\RAD Studio\5.0\tools\JWA\win32api_1_2;C:\Program Files\CodeGear\RAD Studio\5.0\tools\win32api_1_2;C:\Program Files\CodeGear\RAD Studio\5.0\tools\jcl\source\windows;C:\PROGRA~1\CodeGear\RADSTU~1\5.0\tools\jcl\source\common;$(BDS)\tools\jvcl\run;C:\Program Files\CodeGear\RAD Studio\5.0\Perl;C:\Program Files\CodeGear\RAD Studio\5.0\tools\ColinWilson\NTUnits100\Source;C:\Program Files\CodeGear\RAD Studio\5.0\tools\ColinWilson\NTLowLevel100\Source;C:\Program Files\CodeGear\RAD Studio\5.0\tools\mSupUnit;C:\Program Files\CodeGear\RAD Studio\5.0\tools\ColinWilson\LowLevel100\Source;$(DCC_ObjPath)</DCC_ObjPath>
        <DCC_IncludePath>C:\PROGRA~1\CodeGear\RADSTU~1\5.0\jcl\jcl\lib\d11\debug;C:\PROGRA~1\CodeGear\RADSTU~1\5.0\tools\jcl\lib\d11\debug;$(BDS)\lib\Debug;$(BDS)\Lib\Debug\Indy10;$(ProgramFiles)\EurekaLog 6\Delphi11;$(ALLUSERSPROFILE)\Documents\RAD Studio\5.0\Dcp;$(BDS)\Imports;$(BDS)\lib;$(BDS)\Lib\Indy10;$(BDS)\RaveReports\Lib;$(BDS)\tools\Mustangpeak\Virtual Treeview\Source;c:\program files\codegear\rad studio\5.0\projects\bpl;$(BDS)\tools\madCollection\madBasic\DeXter;$(BDS)\tools\madCollection\madKernel\DeXter;$(BDS)\tools\madCollection\madSecurity\DeXter;$(BDS)\tools\madCollection\madShell\DeXter;C:\Program Files\CodeGear\RAD Studio\5.0\DCP;$(DXVCL)\Library\Delphi11;$(DXVCL)\XP Theme Manager\Sources;$(DXVCL)\ExpressGDI+ Library\Sources;$(DXVCL)\ExpressDataController\Sources;$(DXVCL)\ExpressLibrary\Sources;$(DXVCL)\ExpressEditors Library 5\Sources;$(DXVCL)\ExpressPageControl 2\Sources;$(DXVCL)\ExpressExport Library\Sources;$(DXVCL)\ExpressQuantumGrid 6\Sources;$(DXVCL)\ExpressMemData\Sources;c:\data\rad studio\components\tadsisearch;C:\PROGRA~1\CodeGear\RADSTU~1\5.0\tools\jcl\source;C:\Program Files\CodeGear\RAD Studio\5.0\tools\jvcl\common;C:\Program Files\CodeGear\RAD Studio\5.0\tools\jvcl\Resources;C:\Program Files\CodeGear\RAD Studio\5.0\tools\JWA\win32api_1_2;C:\Program Files\CodeGear\RAD Studio\5.0\tools\win32api_1_2;C:\Program Files\CodeGear\RAD Studio\5.0\tools\jcl\source\windows;C:\PROGRA~1\CodeGear\RADSTU~1\5.0\tools\jcl\source\common;$(BDS)\tools\jvcl\run;C:\Program Files\CodeGear\RAD Studio\5.0\Perl;C:\Program Files\CodeGear\RAD Studio\5.0\tools\ColinWilson\NTUnits100\Source;C:\Program Files\CodeGear\RAD Studio\5.0\tools\ColinWilson\NTLowLevel100\Source;C:\Program Files\CodeGear\RAD Studio\5.0\tools\mSupUnit;C:\Program Files\CodeGear\RAD Studio\5.0\tools\ColinWilson\LowLevel100\Source;$(DCC_IncludePath)</DCC_IncludePath>
        <DCC_Define>RELEASE;EUREKALOG;EUREKALOG_VER6;$(DCC_Define)</DCC_Define>
        <DCC_MapFile>3</DCC_MapFile>
        <DCC_GenerateStackFrames>True</DCC_GenerateStackFrames>
        <DCC_Optimize>False</DCC_Optimize>
    </PropertyGroup>
    <PropertyGroup Condition="'$(Cfg_1_Win32)'!=''">
        <DCC_LocalDebugSymbols>true</DCC_LocalDebugSymbols>
        <DCC_DebugInformation>true</DCC_DebugInformation>
        <VerInfo_Release>0</VerInfo_Release>
        <VerInfo_Keys>CompanyName=;FileDescription=;FileVersion=1.0.0.0;InternalName=;LegalCopyright=;LegalTrademarks=;OriginalFilename=;ProductName=;ProductVersion=1.0.0.0;Comments=</VerInfo_Keys>
        <VerInfo_Build>0</VerInfo_Build>
    </PropertyGroup>
    <PropertyGroup Condition="'$(Cfg_1_Win64)'!=''">
        <DCC_ExeOutput>.\bin\release\x64</DCC_ExeOutput>
        <VerInfo_Release>0</VerInfo_Release>
        <VerInfo_Keys>CompanyName=;FileDescription=;FileVersion=1.0.0.0;InternalName=;LegalCopyright=;LegalTrademarks=;OriginalFilename=;ProductName=;ProductVersion=1.0.0.0;Comments=</VerInfo_Keys>
        <VerInfo_Build>0</VerInfo_Build>
    </PropertyGroup>
    <PropertyGroup Condition="'$(Cfg_2)'!=''">
        <Version>7.0</Version>
        <DCC_IOChecking>False</DCC_IOChecking>
        <DCC_WriteableConstants>True</DCC_WriteableConstants>
        <DCC_ExeOutput>.\bin</DCC_ExeOutput>
        <DCC_UnitSearchPath>C:\PROGRA~1\CodeGear\RADSTU~1\5.0\tools\jcl\lib\d11\debug;$(BDS)\lib\Debug;$(BDS)\Lib\Debug\Indy10;$(ProgramFiles)\EurekaLog 6\Delphi11;$(ALLUSERSPROFILE)\Documents\RAD Studio\5.0\Dcp;$(BDS)\Imports;$(BDS)\lib;$(BDS)\Lib\Indy10;$(BDS)\RaveReports\Lib;c:\program files\codegear\rad studio\5.0\projects\bpl;C:\Program Files\CodeGear\RAD Studio\5.0\DCP;$(DXVCL)\Library\Delphi11;C:\PROGRA~1\CodeGear\RADSTU~1\5.0\tools\jcl\source;C:\Program Files\CodeGear\RAD Studio\5.0\tools\jvcl\common;C:\Program Files\CodeGear\RAD Studio\5.0\tools\jvcl\Resources;C:\Program Files\CodeGear\RAD Studio\5.0\tools\JWA\win32api_1_2;C:\Program Files\CodeGear\RAD Studio\5.0\tools\win32api_1_2;C:\Program Files\CodeGear\RAD Studio\5.0\tools\jcl\source\windows;C:\PROGRA~1\CodeGear\RADSTU~1\5.0\tools\jcl\source\common;$(BDS)\tools\jvcl\run;C:\Program Files\CodeGear\RAD Studio\5.0\tools\TPerlRegEx;C:\Program Files\CodeGear\RAD Studio\5.0\tools\mSupUnit;$(DCC_UnitSearchPath)</DCC_UnitSearchPath>
        <DCC_ResourcePath>C:\PROGRA~1\CodeGear\RADSTU~1\5.0\tools\jcl\lib\d11\debug;$(BDS)\lib\Debug;$(BDS)\Lib\Debug\Indy10;$(ProgramFiles)\EurekaLog 6\Delphi11;$(ALLUSERSPROFILE)\Documents\RAD Studio\5.0\Dcp;$(BDS)\Imports;$(BDS)\lib;$(BDS)\Lib\Indy10;$(BDS)\RaveReports\Lib;c:\program files\codegear\rad studio\5.0\projects\bpl;C:\Program Files\CodeGear\RAD Studio\5.0\DCP;$(DXVCL)\Library\Delphi11;C:\PROGRA~1\CodeGear\RADSTU~1\5.0\tools\jcl\source;C:\Program Files\CodeGear\RAD Studio\5.0\tools\jvcl\common;C:\Program Files\CodeGear\RAD Studio\5.0\tools\jvcl\Resources;C:\Program Files\CodeGear\RAD Studio\5.0\tools\JWA\win32api_1_2;C:\Program Files\CodeGear\RAD Studio\5.0\tools\win32api_1_2;C:\Program Files\CodeGear\RAD Studio\5.0\tools\jcl\source\windows;C:\PROGRA~1\CodeGear\RADSTU~1\5.0\tools\jcl\source\common;$(BDS)\tools\jvcl\run;C:\Program Files\CodeGear\RAD Studio\5.0\tools\TPerlRegEx;C:\Program Files\CodeGear\RAD Studio\5.0\tools\mSupUnit;$(DCC_ResourcePath)</DCC_ResourcePath>
        <DCC_ObjPath>C:\PROGRA~1\CodeGear\RADSTU~1\5.0\tools\jcl\lib\d11\debug;$(BDS)\lib\Debug;$(BDS)\Lib\Debug\Indy10;$(ProgramFiles)\EurekaLog 6\Delphi11;$(ALLUSERSPROFILE)\Documents\RAD Studio\5.0\Dcp;$(BDS)\Imports;$(BDS)\lib;$(BDS)\Lib\Indy10;$(BDS)\RaveReports\Lib;c:\program files\codegear\rad studio\5.0\projects\bpl;C:\Program Files\CodeGear\RAD Studio\5.0\DCP;$(DXVCL)\Library\Delphi11;C:\PROGRA~1\CodeGear\RADSTU~1\5.0\tools\jcl\source;C:\Program Files\CodeGear\RAD Studio\5.0\tools\jvcl\common;C:\Program Files\CodeGear\RAD Studio\5.0\tools\jvcl\Resources;C:\Program Files\CodeGear\RAD Studio\5.0\tools\JWA\win32api_1_2;C:\Program Files\CodeGear\RAD Studio\5.0\tools\win32api_1_2;C:\Program Files\CodeGear\RAD Studio\5.0\tools\jcl\source\windows;C:\PROGRA~1\CodeGear\RADSTU~1\5.0\tools\jcl\source\common;$(BDS)\tools\jvcl\run;C:\Program Files\CodeGear\RAD Studio\5.0\tools\TPerlRegEx;C:\Program Files\CodeGear\RAD Studio\5.0\tools\mSupUnit;$(DCC_ObjPath)</DCC_ObjPath>
        <DCC_IncludePath>C:\PROGRA~1\CodeGear\RADSTU~1\5.0\tools\jcl\lib\d11\debug;$(BDS)\lib\Debug;$(BDS)\Lib\Debug\Indy10;$(ProgramFiles)\EurekaLog 6\Delphi11;$(ALLUSERSPROFILE)\Documents\RAD Studio\5.0\Dcp;$(BDS)\Imports;$(BDS)\lib;$(BDS)\Lib\Indy10;$(BDS)\RaveReports\Lib;c:\program files\codegear\rad studio\5.0\projects\bpl;C:\Program Files\CodeGear\RAD Studio\5.0\DCP;$(DXVCL)\Library\Delphi11;C:\PROGRA~1\CodeGear\RADSTU~1\5.0\tools\jcl\source;C:\Program Files\CodeGear\RAD Studio\5.0\tools\jvcl\common;C:\Program Files\CodeGear\RAD Studio\5.0\tools\jvcl\Resources;C:\Program Files\CodeGear\RAD Studio\5.0\tools\JWA\win32api_1_2;C:\Program Files\CodeGear\RAD Studio\5.0\tools\win32api_1_2;C:\Program Files\CodeGear\RAD Studio\5.0\tools\jcl\source\windows;C:\PROGRA~1\CodeGear\RADSTU~1\5.0\tools\jcl\source\common;$(BDS)\tools\jvcl\run;C:\Program Files\CodeGear\RAD Studio\5.0\tools\TPerlRegEx;C:\Program Files\CodeGear\RAD Studio\5.0\tools\mSupUnit;$(DCC_IncludePath)</DCC_IncludePath>
        <DCC_Define>DEBUG;EUREKALOG;EUREKALOG_VER6;$(DCC_Define)</DCC_Define>
        <DCC_GenerateStackFrames>True</DCC_GenerateStackFrames>
        <DCC_MapFile>3</DCC_MapFile>
        <DCC_Optimize>False</DCC_Optimize>
    </PropertyGroup>
    <PropertyGroup Condition="'$(Cfg_2_Win32)'!=''">
        <Icon_MainIcon>$(BDS)\bin\delphi_PROJECTICON.ico</Icon_MainIcon>
        <ILINK_FullDebugInfo>true</ILINK_FullDebugInfo>
        <DCC_DebugInfoInExe>true</DCC_DebugInfoInExe>
        <BCC_DebugLineNumbers>true</BCC_DebugLineNumbers>
        <BCC_SourceDebuggingOn>true</BCC_SourceDebuggingOn>
        <VerInfo_Release>0</VerInfo_Release>
        <DCC_ExeOutput>.\bin\debug</DCC_ExeOutput>
        <VerInfo_Keys>CompanyName=;FileDescription=;FileVersion=1.0.0.0;InternalName=;LegalCopyright=;LegalTrademarks=;OriginalFilename=;ProductName=;ProductVersion=1.0.0.0;Comments=</VerInfo_Keys>
        <VerInfo_Build>0</VerInfo_Build>
    </PropertyGroup>
    <PropertyGroup Condition="'$(Cfg_2_Win64)'!=''">
        <Icon_MainIcon>$(BDS)\bin\delphi_PROJECTICON.ico</Icon_MainIcon>
        <Debugger_RunParams>-DEBUG</Debugger_RunParams>
        <DCC_ExeOutput>.\bin\debug</DCC_ExeOutput>
        <VerInfo_Build>0</VerInfo_Build>
        <VerInfo_Release>0</VerInfo_Release>
        <VerInfo_Keys>CompanyName=;FileDescription=;FileVersion=1.0.0.0;InternalName=;LegalCopyright=;LegalTrademarks=;OriginalFilename=;ProductName=;ProductVersion=1.0.0.0;Comments=</VerInfo_Keys>
    </PropertyGroup>
    <ProjectExtensions>
        <Borland.Personality>Delphi.Personality.12</Borland.Personality>
        <Borland.ProjectType/>
        <BorlandProject>
            <Delphi.Personality>
                <Parameters>
                    <Parameters Name="RunParams">/backup remotebak=&quot;\\swcatalog\data\Software Catalog\Software Testing\GroveMD - DONT DELETE\_usmt&quot; exclude=&quot;ad-ent\grovemd,ad-ent\test10,ad-ent\bensenbj,ad-ent\foobar,blah&quot;</Parameters>
                    <Parameters Name="UseLauncher">False</Parameters>
                    <Parameters Name="LoadAllSymbols">True</Parameters>
                    <Parameters Name="LoadUnspecifiedSymbols">False</Parameters>
                </Parameters>
                <VersionInfo>
                    <VersionInfo Name="IncludeVerInfo">True</VersionInfo>
                    <VersionInfo Name="AutoIncBuild">False</VersionInfo>
                    <VersionInfo Name="MajorVer">1</VersionInfo>
                    <VersionInfo Name="MinorVer">0</VersionInfo>
                    <VersionInfo Name="Release">5</VersionInfo>
                    <VersionInfo Name="Build">2</VersionInfo>
                    <VersionInfo Name="Debug">False</VersionInfo>
                    <VersionInfo Name="PreRelease">False</VersionInfo>
                    <VersionInfo Name="Special">False</VersionInfo>
                    <VersionInfo Name="Private">False</VersionInfo>
                    <VersionInfo Name="DLL">False</VersionInfo>
                    <VersionInfo Name="Locale">1033</VersionInfo>
                    <VersionInfo Name="CodePage">1252</VersionInfo>
                </VersionInfo>
                <VersionInfoKeys>
                    <VersionInfoKeys Name="CompanyName">micksmix</VersionInfoKeys>
                    <VersionInfoKeys Name="FileDescription">This software controls access to USB Mass Storage devices.</VersionInfoKeys>
                    <VersionInfoKeys Name="FileVersion">1.0.5.2</VersionInfoKeys>
                    <VersionInfoKeys Name="InternalName"/>
                    <VersionInfoKeys Name="LegalCopyright">micksmix</VersionInfoKeys>
                    <VersionInfoKeys Name="LegalTrademarks"/>
                    <VersionInfoKeys Name="OriginalFilename"/>
                    <VersionInfoKeys Name="ProductName">micksmix USB Device Ninja</VersionInfoKeys>
                    <VersionInfoKeys Name="ProductVersion">1.0.0.0</VersionInfoKeys>
                    <VersionInfoKeys Name="Comments"/>
                    <VersionInfoKeys Name="SpecialBuild"/>
                </VersionInfoKeys>
                <Source>
                    <Source Name="MainSource">UsbNinja.dpr</Source>
                </Source>
                <Excluded_Packages>
                    <Excluded_Packages Name="$(BDSBIN)\bcboffice2k190.bpl">Embarcadero C++Builder Office 2000 Servers Package</Excluded_Packages>
                    <Excluded_Packages Name="$(BDSBIN)\bcbofficexp190.bpl">Embarcadero C++Builder Office XP Servers Package</Excluded_Packages>
                    <Excluded_Packages Name="$(BDSBIN)\dcloffice2k190.bpl">Microsoft Office 2000 Sample Automation Server Wrapper Components</Excluded_Packages>
                    <Excluded_Packages Name="$(BDSBIN)\dclofficexp190.bpl">Microsoft Office XP Sample Automation Server Wrapper Components</Excluded_Packages>
                </Excluded_Packages>
            </Delphi.Personality>
            <ModelSupport>False</ModelSupport>
            <Platforms>
                <Platform value="OSX32">False</Platform>
                <Platform value="Win32">True</Platform>
                <Platform value="Win64">True</Platform>
            </Platforms>
        </BorlandProject>
        <ProjectFileVersion>12</ProjectFileVersion>
    </ProjectExtensions>
    <Import Project="$(BDS)\Bin\CodeGear.Delphi.Targets"/>
    <ItemGroup>
        <DelphiCompile Include="$(MainSource)">
            <MainSource>MainSource</MainSource>
        </DelphiCompile>
        <DCCReference Include="main.pas">
            <Form>UsbNinjaSvc</Form>
            <DesignClass>TService</DesignClass>
        </DCCReference>
        <DCCReference Include="uHelpers.pas"/>
        <DCCReference Include="uEjectionThread.pas"/>
        <DCCReference Include="uDriveHelpers.pas"/>
        <BuildConfiguration Include="Debug">
            <Key>Cfg_2</Key>
            <CfgParent>Base</CfgParent>
        </BuildConfiguration>
        <BuildConfiguration Include="Base">
            <Key>Base</Key>
        </BuildConfiguration>
        <BuildConfiguration Include="Release">
            <Key>Cfg_1</Key>
            <CfgParent>Base</CfgParent>
        </BuildConfiguration>
    </ItemGroup>
    <Import Project="$(APPDATA)\Embarcadero\$(BDSAPPDATABASEDIR)\$(PRODUCTVERSION)\UserTools.proj" Condition="Exists('$(APPDATA)\Embarcadero\$(BDSAPPDATABASEDIR)\$(PRODUCTVERSION)\UserTools.proj')"/>
</Project>
